
Microsoft Visual Studio Solution File, Format Version 12.00
# Visual Studio Version 16
VisualStudioVersion = 16.0.30330.147
MinimumVisualStudioVersion = 10.0.40219.1
Project("{FAE04EC0-301F-11D3-BF4B-00C04F79EFBC}") = "App.Sanguine", "App.Sanguine\App.Sanguine.csproj", "{816473FB-4F23-47EB-8E28-6C1B82167699}"
EndProject
Global
	GlobalSection(SolutionConfigurationPlatforms) = preSolution
		Debug|Any CPU = Debug|Any CPU
		Release|Any CPU = Release|Any CPU
	EndGlobalSection
	GlobalSection(ProjectConfigurationPlatforms) = postSolution
		{816473FB-4F23-47EB-8E28-6C1B82167699}.Debug|Any CPU.ActiveCfg = Debug|Any CPU
		{816473FB-4F23-47EB-8E28-6C1B82167699}.Debug|Any CPU.Build.0 = Debug|Any CPU
		{816473FB-4F23-47EB-8E28-6C1B82167699}.Release|Any CPU.ActiveCfg = Release|Any CPU
		{816473FB-4F23-47EB-8E28-6C1B82167699}.Release|Any CPU.Build.0 = Release|Any CPU
	EndGlobalSection
	GlobalSection(SolutionProperties) = preSolution
		HideSolutionNode = FALSE
	EndGlobalSection
	GlobalSection(ExtensibilityGlobals) = postSolution
		SolutionGuid = {F565011A-B72D-45C4-9A6D-4A5A3EE73487}
	EndGlobalSection
EndGlobal
